// !$*UTF8*$!
{
	archiveVersion = 1;
	classes = {
	};
	objectVersion = 56;
	objects = {

/* Begin PBXBuildFile section */
		F16F15902ABA94C300F24263 /* AppDelegate.swift in Sources */ = {isa = PBXBuildFile; fileRef = F16F158F2ABA94C300F24263 /* AppDelegate.swift */; };
		F16F15922ABA94C300F24263 /* SceneDelegate.swift in Sources */ = {isa = PBXBuildFile; fileRef = F16F15912ABA94C300F24263 /* SceneDelegate.swift */; };
		F16F15942ABA94C300F24263 /* MainViewController.swift in Sources */ = {isa = PBXBuildFile; fileRef = F16F15932ABA94C300F24263 /* MainViewController.swift */; };
		F16F15992ABA94C500F24263 /* Assets.xcassets in Resources */ = {isa = PBXBuildFile; fileRef = F16F15982ABA94C500F24263 /* Assets.xcassets */; };
		F16F159C2ABA94C500F24263 /* LaunchScreen.storyboard in Resources */ = {isa = PBXBuildFile; fileRef = F16F159A2ABA94C500F24263 /* LaunchScreen.storyboard */; };
		F16F15AA2ABA964600F24263 /* SnapKit in Frameworks */ = {isa = PBXBuildFile; productRef = F16F15A92ABA964600F24263 /* SnapKit */; };
		F16F15AC2ABA973B00F24263 /* AppImage.swift in Sources */ = {isa = PBXBuildFile; fileRef = F16F15AB2ABA973B00F24263 /* AppImage.swift */; };
		F16F15AE2ABA988B00F24263 /* Colors.xcassets in Resources */ = {isa = PBXBuildFile; fileRef = F16F15AD2ABA988B00F24263 /* Colors.xcassets */; };
		F16F15B02ABA98CA00F24263 /* AppColor.swift in Sources */ = {isa = PBXBuildFile; fileRef = F16F15AF2ABA98CA00F24263 /* AppColor.swift */; };
		F16F15BD2ABA9DF300F24263 /* LevelViewController.swift in Sources */ = {isa = PBXBuildFile; fileRef = F16F15BC2ABA9DF300F24263 /* LevelViewController.swift */; };
		F16F15BF2ABA9EAE00F24263 /* SectionType.swift in Sources */ = {isa = PBXBuildFile; fileRef = F16F15BE2ABA9EAE00F24263 /* SectionType.swift */; };
		F16F15C12ABA9F4B00F24263 /* LevelCollectionViewCell.swift in Sources */ = {isa = PBXBuildFile; fileRef = F16F15C02ABA9F4B00F24263 /* LevelCollectionViewCell.swift */; };
		F16F15CC2ABAA4BA00F24263 /* Heebo-ExtraBold.ttf in Resources */ = {isa = PBXBuildFile; fileRef = F16F15C32ABAA4BA00F24263 /* Heebo-ExtraBold.ttf */; };
		F16F15CD2ABAA4BA00F24263 /* Heebo-Thin.ttf in Resources */ = {isa = PBXBuildFile; fileRef = F16F15C42ABAA4BA00F24263 /* Heebo-Thin.ttf */; };
		F16F15CE2ABAA4BA00F24263 /* Heebo-Light.ttf in Resources */ = {isa = PBXBuildFile; fileRef = F16F15C52ABAA4BA00F24263 /* Heebo-Light.ttf */; };
		F16F15CF2ABAA4BA00F24263 /* Heebo-ExtraLight.ttf in Resources */ = {isa = PBXBuildFile; fileRef = F16F15C62ABAA4BA00F24263 /* Heebo-ExtraLight.ttf */; };
		F16F15D02ABAA4BA00F24263 /* Heebo-Black.ttf in Resources */ = {isa = PBXBuildFile; fileRef = F16F15C72ABAA4BA00F24263 /* Heebo-Black.ttf */; };
		F16F15D12ABAA4BA00F24263 /* Heebo-SemiBold.ttf in Resources */ = {isa = PBXBuildFile; fileRef = F16F15C82ABAA4BA00F24263 /* Heebo-SemiBold.ttf */; };
		F16F15D22ABAA4BA00F24263 /* Heebo-Regular.ttf in Resources */ = {isa = PBXBuildFile; fileRef = F16F15C92ABAA4BA00F24263 /* Heebo-Regular.ttf */; };
		F16F15D32ABAA4BA00F24263 /* Heebo-Medium.ttf in Resources */ = {isa = PBXBuildFile; fileRef = F16F15CA2ABAA4BA00F24263 /* Heebo-Medium.ttf */; };
		F16F15D42ABAA4BA00F24263 /* Heebo-Bold.ttf in Resources */ = {isa = PBXBuildFile; fileRef = F16F15CB2ABAA4BA00F24263 /* Heebo-Bold.ttf */; };
		F16F15D72ABAA8F600F24263 /* TabBarController.swift in Sources */ = {isa = PBXBuildFile; fileRef = F16F15D62ABAA8F600F24263 /* TabBarController.swift */; };
		F16F15DA2ABAAFC000F24263 /* QuizViewController.swift in Sources */ = {isa = PBXBuildFile; fileRef = F16F15D92ABAAFC000F24263 /* QuizViewController.swift */; };
		F16F15E22ABAEF5100F24263 /* SettingsViewController.swift in Sources */ = {isa = PBXBuildFile; fileRef = F16F15E12ABAEF5100F24263 /* SettingsViewController.swift */; };
		F16F15E52ABAF5EC00F24263 /* Question.swift in Sources */ = {isa = PBXBuildFile; fileRef = F16F15E42ABAF5EC00F24263 /* Question.swift */; };
		F16F15E72ABAF60B00F24263 /* QuizBrain.swift in Sources */ = {isa = PBXBuildFile; fileRef = F16F15E62ABAF60B00F24263 /* QuizBrain.swift */; };
/* End PBXBuildFile section */

/* Begin PBXFileReference section */
		F16F158C2ABA94C300F24263 /* Moony Journey.app */ = {isa = PBXFileReference; explicitFileType = wrapper.application; includeInIndex = 0; path = "Moony Journey.app"; sourceTree = BUILT_PRODUCTS_DIR; };
		F16F158F2ABA94C300F24263 /* AppDelegate.swift */ = {isa = PBXFileReference; lastKnownFileType = sourcecode.swift; path = AppDelegate.swift; sourceTree = "<group>"; };
		F16F15912ABA94C300F24263 /* SceneDelegate.swift */ = {isa = PBXFileReference; lastKnownFileType = sourcecode.swift; path = SceneDelegate.swift; sourceTree = "<group>"; };
		F16F15932ABA94C300F24263 /* MainViewController.swift */ = {isa = PBXFileReference; lastKnownFileType = sourcecode.swift; path = MainViewController.swift; sourceTree = "<group>"; };
		F16F15982ABA94C500F24263 /* Assets.xcassets */ = {isa = PBXFileReference; lastKnownFileType = folder.assetcatalog; path = Assets.xcassets; sourceTree = "<group>"; };
		F16F159B2ABA94C500F24263 /* Base */ = {isa = PBXFileReference; lastKnownFileType = file.storyboard; name = Base; path = Base.lproj/LaunchScreen.storyboard; sourceTree = "<group>"; };
		F16F159D2ABA94C500F24263 /* Info.plist */ = {isa = PBXFileReference; lastKnownFileType = text.plist.xml; path = Info.plist; sourceTree = "<group>"; };
		F16F15AB2ABA973B00F24263 /* AppImage.swift */ = {isa = PBXFileReference; lastKnownFileType = sourcecode.swift; path = AppImage.swift; sourceTree = "<group>"; };
		F16F15AD2ABA988B00F24263 /* Colors.xcassets */ = {isa = PBXFileReference; lastKnownFileType = folder.assetcatalog; path = Colors.xcassets; sourceTree = "<group>"; };
		F16F15AF2ABA98CA00F24263 /* AppColor.swift */ = {isa = PBXFileReference; lastKnownFileType = sourcecode.swift; path = AppColor.swift; sourceTree = "<group>"; };
		F16F15BC2ABA9DF300F24263 /* LevelViewController.swift */ = {isa = PBXFileReference; lastKnownFileType = sourcecode.swift; path = LevelViewController.swift; sourceTree = "<group>"; };
		F16F15BE2ABA9EAE00F24263 /* SectionType.swift */ = {isa = PBXFileReference; lastKnownFileType = sourcecode.swift; path = SectionType.swift; sourceTree = "<group>"; };
		F16F15C02ABA9F4B00F24263 /* LevelCollectionViewCell.swift */ = {isa = PBXFileReference; lastKnownFileType = sourcecode.swift; path = LevelCollectionViewCell.swift; sourceTree = "<group>"; };
		F16F15C32ABAA4BA00F24263 /* Heebo-ExtraBold.ttf */ = {isa = PBXFileReference; lastKnownFileType = file; path = "Heebo-ExtraBold.ttf"; sourceTree = "<group>"; };
		F16F15C42ABAA4BA00F24263 /* Heebo-Thin.ttf */ = {isa = PBXFileReference; lastKnownFileType = file; path = "Heebo-Thin.ttf"; sourceTree = "<group>"; };
		F16F15C52ABAA4BA00F24263 /* Heebo-Light.ttf */ = {isa = PBXFileReference; lastKnownFileType = file; path = "Heebo-Light.ttf"; sourceTree = "<group>"; };
		F16F15C62ABAA4BA00F24263 /* Heebo-ExtraLight.ttf */ = {isa = PBXFileReference; lastKnownFileType = file; path = "Heebo-ExtraLight.ttf"; sourceTree = "<group>"; };
		F16F15C72ABAA4BA00F24263 /* Heebo-Black.ttf */ = {isa = PBXFileReference; lastKnownFileType = file; path = "Heebo-Black.ttf"; sourceTree = "<group>"; };
		F16F15C82ABAA4BA00F24263 /* Heebo-SemiBold.ttf */ = {isa = PBXFileReference; lastKnownFileType = file; path = "Heebo-SemiBold.ttf"; sourceTree = "<group>"; };
		F16F15C92ABAA4BA00F24263 /* Heebo-Regular.ttf */ = {isa = PBXFileReference; lastKnownFileType = file; path = "Heebo-Regular.ttf"; sourceTree = "<group>"; };
		F16F15CA2ABAA4BA00F24263 /* Heebo-Medium.ttf */ = {isa = PBXFileReference; lastKnownFileType = file; path = "Heebo-Medium.ttf"; sourceTree = "<group>"; };
		F16F15CB2ABAA4BA00F24263 /* Heebo-Bold.ttf */ = {isa = PBXFileReference; lastKnownFileType = file; path = "Heebo-Bold.ttf"; sourceTree = "<group>"; };
		F16F15D62ABAA8F600F24263 /* TabBarController.swift */ = {isa = PBXFileReference; lastKnownFileType = sourcecode.swift; path = TabBarController.swift; sourceTree = "<group>"; };
		F16F15D92ABAAFC000F24263 /* QuizViewController.swift */ = {isa = PBXFileReference; lastKnownFileType = sourcecode.swift; path = QuizViewController.swift; sourceTree = "<group>"; };
		F16F15E12ABAEF5100F24263 /* SettingsViewController.swift */ = {isa = PBXFileReference; lastKnownFileType = sourcecode.swift; name = SettingsViewController.swift; path = SettingsModule/SettingsViewController.swift; sourceTree = "<group>"; };
		F16F15E42ABAF5EC00F24263 /* Question.swift */ = {isa = PBXFileReference; lastKnownFileType = sourcecode.swift; path = Question.swift; sourceTree = "<group>"; };
		F16F15E62ABAF60B00F24263 /* QuizBrain.swift */ = {isa = PBXFileReference; lastKnownFileType = sourcecode.swift; path = QuizBrain.swift; sourceTree = "<group>"; };
/* End PBXFileReference section */

/* Begin PBXFrameworksBuildPhase section */
		F16F15892ABA94C300F24263 /* Frameworks */ = {
			isa = PBXFrameworksBuildPhase;
			buildActionMask = 2147483647;
			files = (
				F16F15AA2ABA964600F24263 /* SnapKit in Frameworks */,
			);
			runOnlyForDeploymentPostprocessing = 0;
		};
/* End PBXFrameworksBuildPhase section */

/* Begin PBXGroup section */
		F16F15832ABA94C300F24263 = {
			isa = PBXGroup;
			children = (
				F16F158E2ABA94C300F24263 /* Moony Journey */,
				F16F158D2ABA94C300F24263 /* Products */,
			);
			sourceTree = "<group>";
		};
		F16F158D2ABA94C300F24263 /* Products */ = {
			isa = PBXGroup;
			children = (
				F16F158C2ABA94C300F24263 /* Moony Journey.app */,
			);
			name = Products;
			sourceTree = "<group>";
		};
		F16F158E2ABA94C300F24263 /* Moony Journey */ = {
			isa = PBXGroup;
			children = (
				F16F15A32ABA94E400F24263 /* Application */,
				F16F15A42ABA94EA00F24263 /* Controllers */,
				F16F15A52ABA94F700F24263 /* Resources */,
				F16F15A62ABA950200F24263 /* Storyboards */,
				F16F15A72ABA951D00F24263 /* Supporting Files */,
			);
			path = "Moony Journey";
			sourceTree = "<group>";
		};
		F16F15A32ABA94E400F24263 /* Application */ = {
			isa = PBXGroup;
			children = (
				F16F158F2ABA94C300F24263 /* AppDelegate.swift */,
				F16F15912ABA94C300F24263 /* SceneDelegate.swift */,
			);
			path = Application;
			sourceTree = "<group>";
		};
		F16F15A42ABA94EA00F24263 /* Controllers */ = {
			isa = PBXGroup;
			children = (
				F16F15D52ABAA8D900F24263 /* TabBarModule */,
				F16F15B42ABA9CEA00F24263 /* MainModule */,
				F16F15B82ABA9D6800F24263 /* LevelModule */,
				F16F15D82ABAAF8600F24263 /* QuizModule  */,
				F16F15E02ABAEF2F00F24263 /* SettingsModule */,
			);
			path = Controllers;
			sourceTree = "<group>";
		};
		F16F15A52ABA94F700F24263 /* Resources */ = {
			isa = PBXGroup;
			children = (
				F16F15C22ABAA4A700F24263 /* Fonts */,
				F16F15B52ABA9CF100F24263 /* AssetHelp */,
				F16F15B62ABA9CF900F24263 /* AppHelp */,
			);
			path = Resources;
			sourceTree = "<group>";
		};
		F16F15A62ABA950200F24263 /* Storyboards */ = {
			isa = PBXGroup;
			children = (
				F16F159A2ABA94C500F24263 /* LaunchScreen.storyboard */,
			);
			path = Storyboards;
			sourceTree = "<group>";
		};
		F16F15A72ABA951D00F24263 /* Supporting Files */ = {
			isa = PBXGroup;
			children = (
				F16F159D2ABA94C500F24263 /* Info.plist */,
			);
			path = "Supporting Files";
			sourceTree = "<group>";
		};
		F16F15B42ABA9CEA00F24263 /* MainModule */ = {
			isa = PBXGroup;
			children = (
				F16F15932ABA94C300F24263 /* MainViewController.swift */,
			);
			path = MainModule;
			sourceTree = "<group>";
		};
		F16F15B52ABA9CF100F24263 /* AssetHelp */ = {
			isa = PBXGroup;
			children = (
				F16F15982ABA94C500F24263 /* Assets.xcassets */,
				F16F15AD2ABA988B00F24263 /* Colors.xcassets */,
			);
			path = AssetHelp;
			sourceTree = "<group>";
		};
		F16F15B62ABA9CF900F24263 /* AppHelp */ = {
			isa = PBXGroup;
			children = (
				F16F15AB2ABA973B00F24263 /* AppImage.swift */,
				F16F15AF2ABA98CA00F24263 /* AppColor.swift */,
			);
			path = AppHelp;
			sourceTree = "<group>";
		};
		F16F15B82ABA9D6800F24263 /* LevelModule */ = {
			isa = PBXGroup;
			children = (
				F16F15B92ABA9D9C00F24263 /* Model */,
				F16F15BA2ABA9DA000F24263 /* View */,
				F16F15BB2ABA9DA500F24263 /* Controller */,
			);
			path = LevelModule;
			sourceTree = "<group>";
		};
		F16F15B92ABA9D9C00F24263 /* Model */ = {
			isa = PBXGroup;
			children = (
				F16F15BE2ABA9EAE00F24263 /* SectionType.swift */,
			);
			path = Model;
			sourceTree = "<group>";
		};
		F16F15BA2ABA9DA000F24263 /* View */ = {
			isa = PBXGroup;
			children = (
				F16F15C02ABA9F4B00F24263 /* LevelCollectionViewCell.swift */,
			);
			path = View;
			sourceTree = "<group>";
		};
		F16F15BB2ABA9DA500F24263 /* Controller */ = {
			isa = PBXGroup;
			children = (
				F16F15BC2ABA9DF300F24263 /* LevelViewController.swift */,
			);
			path = Controller;
			sourceTree = "<group>";
		};
		F16F15C22ABAA4A700F24263 /* Fonts */ = {
			isa = PBXGroup;
			children = (
				F16F15C72ABAA4BA00F24263 /* Heebo-Black.ttf */,
				F16F15CB2ABAA4BA00F24263 /* Heebo-Bold.ttf */,
				F16F15C32ABAA4BA00F24263 /* Heebo-ExtraBold.ttf */,
				F16F15C62ABAA4BA00F24263 /* Heebo-ExtraLight.ttf */,
				F16F15C52ABAA4BA00F24263 /* Heebo-Light.ttf */,
				F16F15CA2ABAA4BA00F24263 /* Heebo-Medium.ttf */,
				F16F15C92ABAA4BA00F24263 /* Heebo-Regular.ttf */,
				F16F15C82ABAA4BA00F24263 /* Heebo-SemiBold.ttf */,
				F16F15C42ABAA4BA00F24263 /* Heebo-Thin.ttf */,
			);
			path = Fonts;
			sourceTree = "<group>";
		};
		F16F15D52ABAA8D900F24263 /* TabBarModule */ = {
			isa = PBXGroup;
			children = (
				F16F15D62ABAA8F600F24263 /* TabBarController.swift */,
			);
			path = TabBarModule;
			sourceTree = "<group>";
		};
		F16F15D82ABAAF8600F24263 /* QuizModule  */ = {
			isa = PBXGroup;
			children = (
				F16F15E32ABAF5DC00F24263 /* Model */,
				F16F15D92ABAAFC000F24263 /* QuizViewController.swift */,
			);
			path = "QuizModule ";
			sourceTree = "<group>";
		};
		F16F15E02ABAEF2F00F24263 /* SettingsModule */ = {
			isa = PBXGroup;
			children = (
				F16F15E12ABAEF5100F24263 /* SettingsViewController.swift */,
			);
			name = SettingsModule;
			sourceTree = "<group>";
		};
		F16F15E32ABAF5DC00F24263 /* Model */ = {
			isa = PBXGroup;
			children = (
				F16F15E42ABAF5EC00F24263 /* Question.swift */,
				F16F15E62ABAF60B00F24263 /* QuizBrain.swift */,
			);
			path = Model;
			sourceTree = "<group>";
		};
/* End PBXGroup section */

/* Begin PBXNativeTarget section */
		F16F158B2ABA94C300F24263 /* Moony Journey */ = {
			isa = PBXNativeTarget;
			buildConfigurationList = F16F15A02ABA94C500F24263 /* Build configuration list for PBXNativeTarget "Moony Journey" */;
			buildPhases = (
				F16F15882ABA94C300F24263 /* Sources */,
				F16F15892ABA94C300F24263 /* Frameworks */,
				F16F158A2ABA94C300F24263 /* Resources */,
			);
			buildRules = (
			);
			dependencies = (
			);
			name = "Moony Journey";
			packageProductDependencies = (
				F16F15A92ABA964600F24263 /* SnapKit */,
			);
			productName = "Moony Journey";
			productReference = F16F158C2ABA94C300F24263 /* Moony Journey.app */;
			productType = "com.apple.product-type.application";
		};
/* End PBXNativeTarget section */

/* Begin PBXProject section */
		F16F15842ABA94C300F24263 /* Project object */ = {
			isa = PBXProject;
			attributes = {
				BuildIndependentTargetsInParallel = 1;
				LastSwiftUpdateCheck = 1430;
				LastUpgradeCheck = 1430;
				TargetAttributes = {
					F16F158B2ABA94C300F24263 = {
						CreatedOnToolsVersion = 14.3.1;
					};
				};
			};
			buildConfigurationList = F16F15872ABA94C300F24263 /* Build configuration list for PBXProject "Moony Journey" */;
			compatibilityVersion = "Xcode 14.0";
			developmentRegion = en;
			hasScannedForEncodings = 0;
			knownRegions = (
				en,
				Base,
			);
			mainGroup = F16F15832ABA94C300F24263;
			packageReferences = (
				F16F15A82ABA964600F24263 /* XCRemoteSwiftPackageReference "SnapKit" */,
			);
			productRefGroup = F16F158D2ABA94C300F24263 /* Products */;
			projectDirPath = "";
			projectRoot = "";
			targets = (
				F16F158B2ABA94C300F24263 /* Moony Journey */,
			);
		};
/* End PBXProject section */

/* Begin PBXResourcesBuildPhase section */
		F16F158A2ABA94C300F24263 /* Resources */ = {
			isa = PBXResourcesBuildPhase;
			buildActionMask = 2147483647;
			files = (
				F16F15D02ABAA4BA00F24263 /* Heebo-Black.ttf in Resources */,
				F16F15CC2ABAA4BA00F24263 /* Heebo-ExtraBold.ttf in Resources */,
				F16F15D32ABAA4BA00F24263 /* Heebo-Medium.ttf in Resources */,
				F16F15D42ABAA4BA00F24263 /* Heebo-Bold.ttf in Resources */,
				F16F15CE2ABAA4BA00F24263 /* Heebo-Light.ttf in Resources */,
				F16F15AE2ABA988B00F24263 /* Colors.xcassets in Resources */,
				F16F15D12ABAA4BA00F24263 /* Heebo-SemiBold.ttf in Resources */,
				F16F15D22ABAA4BA00F24263 /* Heebo-Regular.ttf in Resources */,
				F16F15CF2ABAA4BA00F24263 /* Heebo-ExtraLight.ttf in Resources */,
				F16F159C2ABA94C500F24263 /* LaunchScreen.storyboard in Resources */,
				F16F15992ABA94C500F24263 /* Assets.xcassets in Resources */,
				F16F15CD2ABAA4BA00F24263 /* Heebo-Thin.ttf in Resources */,
			);
			runOnlyForDeploymentPostprocessing = 0;
		};
/* End PBXResourcesBuildPhase section */

/* Begin PBXSourcesBuildPhase section */
		F16F15882ABA94C300F24263 /* Sources */ = {
			isa = PBXSourcesBuildPhase;
			buildActionMask = 2147483647;
			files = (
				F16F15942ABA94C300F24263 /* MainViewController.swift in Sources */,
				F16F15DA2ABAAFC000F24263 /* QuizViewController.swift in Sources */,
				F16F15E22ABAEF5100F24263 /* SettingsViewController.swift in Sources */,
				F16F15B02ABA98CA00F24263 /* AppColor.swift in Sources */,
				F16F15AC2ABA973B00F24263 /* AppImage.swift in Sources */,
				F16F15D72ABAA8F600F24263 /* TabBarController.swift in Sources */,
				F16F15BD2ABA9DF300F24263 /* LevelViewController.swift in Sources */,
				F16F15902ABA94C300F24263 /* AppDelegate.swift in Sources */,
				F16F15BF2ABA9EAE00F24263 /* SectionType.swift in Sources */,
				F16F15E52ABAF5EC00F24263 /* Question.swift in Sources */,
				F16F15922ABA94C300F24263 /* SceneDelegate.swift in Sources */,
				F16F15E72ABAF60B00F24263 /* QuizBrain.swift in Sources */,
				F16F15C12ABA9F4B00F24263 /* LevelCollectionViewCell.swift in Sources */,
			);
			runOnlyForDeploymentPostprocessing = 0;
		};
/* End PBXSourcesBuildPhase section */

/* Begin PBXVariantGroup section */
		F16F159A2ABA94C500F24263 /* LaunchScreen.storyboard */ = {
			isa = PBXVariantGroup;
			children = (
				F16F159B2ABA94C500F24263 /* Base */,
			);
			name = LaunchScreen.storyboard;
			sourceTree = "<group>";
		};
/* End PBXVariantGroup section */

/* Begin XCBuildConfiguration section */
		F16F159E2ABA94C500F24263 /* Debug */ = {
			isa = XCBuildConfiguration;
			buildSettings = {
				ALWAYS_SEARCH_USER_PATHS = NO;
				CLANG_ANALYZER_NONNULL = YES;
				CLANG_ANALYZER_NUMBER_OBJECT_CONVERSION = YES_AGGRESSIVE;
				CLANG_CXX_LANGUAGE_STANDARD = "gnu++20";
				CLANG_ENABLE_MODULES = YES;
				CLANG_ENABLE_OBJC_ARC = YES;
				CLANG_ENABLE_OBJC_WEAK = YES;
				CLANG_WARN_BLOCK_CAPTURE_AUTORELEASING = YES;
				CLANG_WARN_BOOL_CONVERSION = YES;
				CLANG_WARN_COMMA = YES;
				CLANG_WARN_CONSTANT_CONVERSION = YES;
				CLANG_WARN_DEPRECATED_OBJC_IMPLEMENTATIONS = YES;
				CLANG_WARN_DIRECT_OBJC_ISA_USAGE = YES_ERROR;
				CLANG_WARN_DOCUMENTATION_COMMENTS = YES;
				CLANG_WARN_EMPTY_BODY = YES;
				CLANG_WARN_ENUM_CONVERSION = YES;
				CLANG_WARN_INFINITE_RECURSION = YES;
				CLANG_WARN_INT_CONVERSION = YES;
				CLANG_WARN_NON_LITERAL_NULL_CONVERSION = YES;
				CLANG_WARN_OBJC_IMPLICIT_RETAIN_SELF = YES;
				CLANG_WARN_OBJC_LITERAL_CONVERSION = YES;
				CLANG_WARN_OBJC_ROOT_CLASS = YES_ERROR;
				CLANG_WARN_QUOTED_INCLUDE_IN_FRAMEWORK_HEADER = YES;
				CLANG_WARN_RANGE_LOOP_ANALYSIS = YES;
				CLANG_WARN_STRICT_PROTOTYPES = YES;
				CLANG_WARN_SUSPICIOUS_MOVE = YES;
				CLANG_WARN_UNGUARDED_AVAILABILITY = YES_AGGRESSIVE;
				CLANG_WARN_UNREACHABLE_CODE = YES;
				CLANG_WARN__DUPLICATE_METHOD_MATCH = YES;
				COPY_PHASE_STRIP = NO;
				DEBUG_INFORMATION_FORMAT = dwarf;
				ENABLE_STRICT_OBJC_MSGSEND = YES;
				ENABLE_TESTABILITY = YES;
				GCC_C_LANGUAGE_STANDARD = gnu11;
				GCC_DYNAMIC_NO_PIC = NO;
				GCC_NO_COMMON_BLOCKS = YES;
				GCC_OPTIMIZATION_LEVEL = 0;
				GCC_PREPROCESSOR_DEFINITIONS = (
					"DEBUG=1",
					"$(inherited)",
				);
				GCC_WARN_64_TO_32_BIT_CONVERSION = YES;
				GCC_WARN_ABOUT_RETURN_TYPE = YES_ERROR;
				GCC_WARN_UNDECLARED_SELECTOR = YES;
				GCC_WARN_UNINITIALIZED_AUTOS = YES_AGGRESSIVE;
				GCC_WARN_UNUSED_FUNCTION = YES;
				GCC_WARN_UNUSED_VARIABLE = YES;
				IPHONEOS_DEPLOYMENT_TARGET = 16.4;
				MTL_ENABLE_DEBUG_INFO = INCLUDE_SOURCE;
				MTL_FAST_MATH = YES;
				ONLY_ACTIVE_ARCH = YES;
				SDKROOT = iphoneos;
				SWIFT_ACTIVE_COMPILATION_CONDITIONS = DEBUG;
				SWIFT_OPTIMIZATION_LEVEL = "-Onone";
			};
			name = Debug;
		};
		F16F159F2ABA94C500F24263 /* Release */ = {
			isa = XCBuildConfiguration;
			buildSettings = {
				ALWAYS_SEARCH_USER_PATHS = NO;
				CLANG_ANALYZER_NONNULL = YES;
				CLANG_ANALYZER_NUMBER_OBJECT_CONVERSION = YES_AGGRESSIVE;
				CLANG_CXX_LANGUAGE_STANDARD = "gnu++20";
				CLANG_ENABLE_MODULES = YES;
				CLANG_ENABLE_OBJC_ARC = YES;
				CLANG_ENABLE_OBJC_WEAK = YES;
				CLANG_WARN_BLOCK_CAPTURE_AUTORELEASING = YES;
				CLANG_WARN_BOOL_CONVERSION = YES;
				CLANG_WARN_COMMA = YES;
				CLANG_WARN_CONSTANT_CONVERSION = YES;
				CLANG_WARN_DEPRECATED_OBJC_IMPLEMENTATIONS = YES;
				CLANG_WARN_DIRECT_OBJC_ISA_USAGE = YES_ERROR;
				CLANG_WARN_DOCUMENTATION_COMMENTS = YES;
				CLANG_WARN_EMPTY_BODY = YES;
				CLANG_WARN_ENUM_CONVERSION = YES;
				CLANG_WARN_INFINITE_RECURSION = YES;
				CLANG_WARN_INT_CONVERSION = YES;
				CLANG_WARN_NON_LITERAL_NULL_CONVERSION = YES;
				CLANG_WARN_OBJC_IMPLICIT_RETAIN_SELF = YES;
				CLANG_WARN_OBJC_LITERAL_CONVERSION = YES;
				CLANG_WARN_OBJC_ROOT_CLASS = YES_ERROR;
				CLANG_WARN_QUOTED_INCLUDE_IN_FRAMEWORK_HEADER = YES;
				CLANG_WARN_RANGE_LOOP_ANALYSIS = YES;
				CLANG_WARN_STRICT_PROTOTYPES = YES;
				CLANG_WARN_SUSPICIOUS_MOVE = YES;
				CLANG_WARN_UNGUARDED_AVAILABILITY = YES_AGGRESSIVE;
				CLANG_WARN_UNREACHABLE_CODE = YES;
				CLANG_WARN__DUPLICATE_METHOD_MATCH = YES;
				COPY_PHASE_STRIP = NO;
				DEBUG_INFORMATION_FORMAT = "dwarf-with-dsym";
				ENABLE_NS_ASSERTIONS = NO;
				ENABLE_STRICT_OBJC_MSGSEND = YES;
				GCC_C_LANGUAGE_STANDARD = gnu11;
				GCC_NO_COMMON_BLOCKS = YES;
				GCC_WARN_64_TO_32_BIT_CONVERSION = YES;
				GCC_WARN_ABOUT_RETURN_TYPE = YES_ERROR;
				GCC_WARN_UNDECLARED_SELECTOR = YES;
				GCC_WARN_UNINITIALIZED_AUTOS = YES_AGGRESSIVE;
				GCC_WARN_UNUSED_FUNCTION = YES;
				GCC_WARN_UNUSED_VARIABLE = YES;
				IPHONEOS_DEPLOYMENT_TARGET = 16.4;
				MTL_ENABLE_DEBUG_INFO = NO;
				MTL_FAST_MATH = YES;
				SDKROOT = iphoneos;
				SWIFT_COMPILATION_MODE = wholemodule;
				SWIFT_OPTIMIZATION_LEVEL = "-O";
				VALIDATE_PRODUCT = YES;
			};
			name = Release;
		};
		F16F15A12ABA94C500F24263 /* Debug */ = {
			isa = XCBuildConfiguration;
			buildSettings = {
				ASSETCATALOG_COMPILER_APPICON_NAME = AppIcon;
				ASSETCATALOG_COMPILER_GLOBAL_ACCENT_COLOR_NAME = AccentColor;
				CODE_SIGN_STYLE = Automatic;
				CURRENT_PROJECT_VERSION = 1;
				DEVELOPMENT_TEAM = 66V736J4F3;
				GENERATE_INFOPLIST_FILE = YES;
				INFOPLIST_FILE = "Moony Journey/Supporting Files/Info.plist";
				INFOPLIST_KEY_UIApplicationSupportsIndirectInputEvents = YES;
				INFOPLIST_KEY_UILaunchStoryboardName = LaunchScreen;
				INFOPLIST_KEY_UISupportedInterfaceOrientations_iPad = "UIInterfaceOrientationPortrait UIInterfaceOrientationPortraitUpsideDown UIInterfaceOrientationLandscapeLeft UIInterfaceOrientationLandscapeRight";
				INFOPLIST_KEY_UISupportedInterfaceOrientations_iPhone = "UIInterfaceOrientationPortrait UIInterfaceOrientationLandscapeLeft UIInterfaceOrientationLandscapeRight";
				LD_RUNPATH_SEARCH_PATHS = (
					"$(inherited)",
					"@executable_path/Frameworks",
				);
				MARKETING_VERSION = 1.0;
				PRODUCT_BUNDLE_IDENTIFIER = "com.example.Moony-Journey";
				PRODUCT_NAME = "$(TARGET_NAME)";
				SWIFT_EMIT_LOC_STRINGS = YES;
				SWIFT_VERSION = 5.0;
				TARGETED_DEVICE_FAMILY = "1,2";
			};
			name = Debug;
		};
		F16F15A22ABA94C500F24263 /* Release */ = {
			isa = XCBuildConfiguration;
			buildSettings = {
				ASSETCATALOG_COMPILER_APPICON_NAME = AppIcon;
				ASSETCATALOG_COMPILER_GLOBAL_ACCENT_COLOR_NAME = AccentColor;
				CODE_SIGN_STYLE = Automatic;
				CURRENT_PROJECT_VERSION = 1;
				DEVELOPMENT_TEAM = 66V736J4F3;
				GENERATE_INFOPLIST_FILE = YES;
				INFOPLIST_FILE = "Moony Journey/Supporting Files/Info.plist";
				INFOPLIST_KEY_UIApplicationSupportsIndirectInputEvents = YES;
				INFOPLIST_KEY_UILaunchStoryboardName = LaunchScreen;
				INFOPLIST_KEY_UISupportedInterfaceOrientations_iPad = "UIInterfaceOrientationPortrait UIInterfaceOrientationPortraitUpsideDown UIInterfaceOrientationLandscapeLeft UIInterfaceOrientationLandscapeRight";
				INFOPLIST_KEY_UISupportedInterfaceOrientations_iPhone = "UIInterfaceOrientationPortrait UIInterfaceOrientationLandscapeLeft UIInterfaceOrientationLandscapeRight";
				LD_RUNPATH_SEARCH_PATHS = (
					"$(inherited)",
					"@executable_path/Frameworks",
				);
				MARKETING_VERSION = 1.0;
				PRODUCT_BUNDLE_IDENTIFIER = "com.example.Moony-Journey";
				PRODUCT_NAME = "$(TARGET_NAME)";
				SWIFT_EMIT_LOC_STRINGS = YES;
				SWIFT_VERSION = 5.0;
				TARGETED_DEVICE_FAMILY = "1,2";
			};
			name = Release;
		};
/* End XCBuildConfiguration section */

/* Begin XCConfigurationList section */
		F16F15872ABA94C300F24263 /* Build configuration list for PBXProject "Moony Journey" */ = {
			isa = XCConfigurationList;
			buildConfigurations = (
				F16F159E2ABA94C500F24263 /* Debug */,
				F16F159F2ABA94C500F24263 /* Release */,
			);
			defaultConfigurationIsVisible = 0;
			defaultConfigurationName = Release;
		};
		F16F15A02ABA94C500F24263 /* Build configuration list for PBXNativeTarget "Moony Journey" */ = {
			isa = XCConfigurationList;
			buildConfigurations = (
				F16F15A12ABA94C500F24263 /* Debug */,
				F16F15A22ABA94C500F24263 /* Release */,
			);
			defaultConfigurationIsVisible = 0;
			defaultConfigurationName = Release;
		};
/* End XCConfigurationList section */

/* Begin XCRemoteSwiftPackageReference section */
		F16F15A82ABA964600F24263 /* XCRemoteSwiftPackageReference "SnapKit" */ = {
			isa = XCRemoteSwiftPackageReference;
			repositoryURL = "https://github.com/SnapKit/SnapKit.git";
			requirement = {
				kind = upToNextMajorVersion;
				minimumVersion = 5.0.0;
			};
		};
/* End XCRemoteSwiftPackageReference section */

/* Begin XCSwiftPackageProductDependency section */
		F16F15A92ABA964600F24263 /* SnapKit */ = {
			isa = XCSwiftPackageProductDependency;
			package = F16F15A82ABA964600F24263 /* XCRemoteSwiftPackageReference "SnapKit" */;
			productName = SnapKit;
		};
/* End XCSwiftPackageProductDependency section */
	};
	rootObject = F16F15842ABA94C300F24263 /* Project object */;
}
